
Microsoft Visual Studio Solution File, Format Version 12.00
# Visual Studio Version 17
VisualStudioVersion = 17.14.36203.30 d17.14
MinimumVisualStudioVersion = 10.0.40219.1
Project("{FAE04EC0-301F-11D3-BF4B-00C04F79EFBC}") = "Assignment03OOP", "Assignment03OOP\Assignment03OOP.csproj", "{BF465516-5CEA-4298-BA3B-DFC390934E9C}"
EndProject
Global
	GlobalSection(SolutionConfigurationPlatforms) = preSolution
		Debug|Any CPU = Debug|Any CPU
		Release|Any CPU = Release|Any CPU
	EndGlobalSection
	GlobalSection(ProjectConfigurationPlatforms) = postSolution
		{BF465516-5CEA-4298-BA3B-DFC390934E9C}.Debug|Any CPU.ActiveCfg = Debug|Any CPU
		{BF465516-5CEA-4298-BA3B-DFC390934E9C}.Debug|Any CPU.Build.0 = Debug|Any CPU
		{BF465516-5CEA-4298-BA3B-DFC390934E9C}.Release|Any CPU.ActiveCfg = Release|Any CPU
		{BF465516-5CEA-4298-BA3B-DFC390934E9C}.Release|Any CPU.Build.0 = Release|Any CPU
	EndGlobalSection
	GlobalSection(SolutionProperties) = preSolution
		HideSolutionNode = FALSE
	EndGlobalSection
	GlobalSection(ExtensibilityGlobals) = postSolution
		SolutionGuid = {D2A870DA-C892-41DD-B4BF-C8B2951FE613}
	EndGlobalSection
EndGlobal
